
Microsoft Visual Studio Solution File, Format Version 12.00
# Visual Studio Version 17
VisualStudioVersion = 17.0.31903.59
MinimumVisualStudioVersion = 10.0.40219.1
Project("{2150E333-8FDC-42A3-9474-1A3956D46DE8}") = "src", "src", "{1799B5EC-3359-46E1-B6E6-DF391FBB3F54}"
EndProject
Project("{FAE04EC0-301F-11D3-BF4B-00C04F79EFBC}") = "AcxiomCRM", "src\AcxiomCRM\AcxiomCRM.csproj", "{50FD62B4-6290-4EC1-A26C-C1394AD16668}"
EndProject
Project("{2150E333-8FDC-42A3-9474-1A3956D46DE8}") = "tests", "tests", "{5A1B68DE-AB23-4ED1-8F2D-46A2D0DB5247}"
EndProject
Project("{FAE04EC0-301F-11D3-BF4B-00C04F79EFBC}") = "AcxiomCRM.Tests", "tests\AcxiomCRM.Tests\AcxiomCRM.Tests.csproj", "{EF57B9AB-049F-43FA-B4D7-B205F64A8B19}"
EndProject
Global
	GlobalSection(SolutionConfigurationPlatforms) = preSolution
		Debug|Any CPU = Debug|Any CPU
		Release|Any CPU = Release|Any CPU
	EndGlobalSection
	GlobalSection(SolutionProperties) = preSolution
		HideSolutionNode = FALSE
	EndGlobalSection
	GlobalSection(ProjectConfigurationPlatforms) = postSolution
		{50FD62B4-6290-4EC1-A26C-C1394AD16668}.Debug|Any CPU.ActiveCfg = Debug|Any CPU
		{50FD62B4-6290-4EC1-A26C-C1394AD16668}.Debug|Any CPU.Build.0 = Debug|Any CPU
		{50FD62B4-6290-4EC1-A26C-C1394AD16668}.Release|Any CPU.ActiveCfg = Release|Any CPU
		{50FD62B4-6290-4EC1-A26C-C1394AD16668}.Release|Any CPU.Build.0 = Release|Any CPU
		{EF57B9AB-049F-43FA-B4D7-B205F64A8B19}.Debug|Any CPU.ActiveCfg = Debug|Any CPU
		{EF57B9AB-049F-43FA-B4D7-B205F64A8B19}.Debug|Any CPU.Build.0 = Debug|Any CPU
		{EF57B9AB-049F-43FA-B4D7-B205F64A8B19}.Release|Any CPU.ActiveCfg = Release|Any CPU
		{EF57B9AB-049F-43FA-B4D7-B205F64A8B19}.Release|Any CPU.Build.0 = Release|Any CPU
	EndGlobalSection
	GlobalSection(NestedProjects) = preSolution
		{50FD62B4-6290-4EC1-A26C-C1394AD16668} = {1799B5EC-3359-46E1-B6E6-DF391FBB3F54}
		{EF57B9AB-049F-43FA-B4D7-B205F64A8B19} = {5A1B68DE-AB23-4ED1-8F2D-46A2D0DB5247}
	EndGlobalSection
EndGlobal
